
Microsoft Visual Studio Solution File, Format Version 12.00
# Visual Studio 15
VisualStudioVersion = 15.0.28307.645
MinimumVisualStudioVersion = 10.0.40219.1
Project("{FAE04EC0-301F-11D3-BF4B-00C04F79EFBC}") = "WpfApp12", "WpfApp12\WpfApp12.csproj", "{76BADBDB-9F25-4FC0-A96D-E0825242D56A}"
EndProject
Project("{FAE04EC0-301F-11D3-BF4B-00C04F79EFBC}") = "WulungGCSLibrary", "WulungGCSLibrary\WulungGCSLibrary.csproj", "{69F46139-3647-4BDF-A022-0EB10F80A35C}"
EndProject
Global
	GlobalSection(SolutionConfigurationPlatforms) = preSolution
		Debug|Any CPU = Debug|Any CPU
		Release|Any CPU = Release|Any CPU
	EndGlobalSection
	GlobalSection(ProjectConfigurationPlatforms) = postSolution
		{76BADBDB-9F25-4FC0-A96D-E0825242D56A}.Debug|Any CPU.ActiveCfg = Debug|Any CPU
		{76BADBDB-9F25-4FC0-A96D-E0825242D56A}.Debug|Any CPU.Build.0 = Debug|Any CPU
		{76BADBDB-9F25-4FC0-A96D-E0825242D56A}.Release|Any CPU.ActiveCfg = Release|Any CPU
		{76BADBDB-9F25-4FC0-A96D-E0825242D56A}.Release|Any CPU.Build.0 = Release|Any CPU
		{69F46139-3647-4BDF-A022-0EB10F80A35C}.Debug|Any CPU.ActiveCfg = Debug|Any CPU
		{69F46139-3647-4BDF-A022-0EB10F80A35C}.Debug|Any CPU.Build.0 = Debug|Any CPU
		{69F46139-3647-4BDF-A022-0EB10F80A35C}.Release|Any CPU.ActiveCfg = Release|Any CPU
		{69F46139-3647-4BDF-A022-0EB10F80A35C}.Release|Any CPU.Build.0 = Release|Any CPU
	EndGlobalSection
	GlobalSection(SolutionProperties) = preSolution
		HideSolutionNode = FALSE
	EndGlobalSection
	GlobalSection(ExtensibilityGlobals) = postSolution
		SolutionGuid = {678D6DB0-E960-4A35-8EDB-07BF0CF2B533}
	EndGlobalSection
EndGlobal
